PODS:
  - MJPhotoBrowser (1.0.2):
    - SDWebImage
    - SVProgressHUD
    - YLGIFImage
  - MJRefresh (3.1.0)
  - SDAutoLayout (1.52)
  - SDWebImage (3.7.5):
    - SDWebImage/Core (= 3.7.5)
  - SDWebImage/Core (3.7.5)
  - SVProgressHUD (2.0.3)
  - UIView+AutoLayout (2.0.1)
  - UIView+Frame (0.0.1)
  - YLGIFImage (0.11)

DEPENDENCIES:
  - MJPhotoBrowser
  - MJRefresh
  - SDAutoLayout
  - SDWebImage
  - UIView+AutoLayout
  - UIView+Frame (from `~/Desktop/work/UIView+Frame`)

EXTERNAL SOURCES:
  UIView+Frame:
    :local: ~/Desktop/work/UIView+Frame

SPEC CHECKSUMS:
  MJPhotoBrowser: f55e8490231f44a78ca6455105a1c798a142c95f
  MJRefresh: 743e6404967d1c2c688472ea3ecfde247d872db4
  SDAutoLayout: 7c92e8f149059e80010507e471e1b4b6c85a62bb
  SDWebImage: 69c6303e3348fba97e03f65d65d4fbc26740f461
  SVProgressHUD: b0830714205bea1317ea1a2ebc71e5633af334d4
  UIView+AutoLayout: 9eb76d5e72974e5b96c0350624d8f17ddb405ee0
  UIView+Frame: 51885a955d7b2b0222845ac492a8018bfe5b30d8
  YLGIFImage: c0ae132fe80e5282b2762a97d14e23ba71a748ae

COCOAPODS: 0.39.0
